PATH
  remote: .
  specs:
    keycloak-admin (2.0.0)
      base64
      faraday (~> 2.0)
      http-cookie (~> 1.0, >= 1.0.3)

GEM
  remote: https://rubygems.org/
  specs:
    base64 (0.3.0)
    byebug (12.0.0)
    diff-lcs (1.6.2)
    domain_name (0.6.20240107)
    faraday (2.14.3)
      faraday-net_http (>= 2.0, < 3.5)
      json
      logger
    faraday-net_http (3.4.4)
      net-http (~> 0.5)
    http-cookie (1.1.6)
      domain_name (~> 0.5)
    json (2.21.2)
    logger (1.7.0)
    net-http (0.9.1)
      uri (>= 0.11.1)
    rspec (3.13.2)
      rspec-core (~> 3.13.0)
      rspec-expectations (~> 3.13.0)
      rspec-mocks (~> 3.13.0)
    rspec-core (3.13.6)
      rspec-support (~> 3.13.0)
    rspec-expectations (3.13.5)
      diff-lcs (>= 1.2.0, < 2.0)
      rspec-support (~> 3.13.0)
    rspec-mocks (3.13.8)
      diff-lcs (>= 1.2.0, < 2.0)
      rspec-support (~> 3.13.0)
    rspec-support (3.13.7)
    uri (1.1.1)

PLATFORMS
  ruby

DEPENDENCIES
  byebug (= 12.0.0)
  keycloak-admin!
  rspec (= 3.13.2)

BUNDLED WITH
   2.6.9
